# This file is generated by running "yarn install" inside your project.
# Manual changes might be lost - proceed with caution!

__metadata:
  version: 8
  cacheKey: 10c0

"sub2@workspace:.":
  version: 0.0.0-use.local
  resolution: "sub2@workspace:."
  dependencies:
    uuid4: "npm:^2.0.3"
  languageName: unknown
  linkType: soft

"uuid4@npm:^2.0.3":
  version: 2.0.3
  resolution: "uuid4@npm:2.0.3"
  checksum: 10c0/2f878a9eefb02d13331b1353979e2b9c56c5b00d898224a537fe50bf06722df909a4c950d59868ff784cf955996e05338ff4646ca4815fd850674c3fe5d1e87f
  languageName: node
  linkType: hard
